// !$*UTF8*$!
{
	archiveVersion = 1;
	classes = {
	};
	objectVersion = 55;
	objects = {

/* Begin PBXBuildFile section */
		9CDD486527CE5C1A001A33AB /* AppDelegate.swift in Sources */ = {isa = PBXBuildFile; fileRef = 9CDD486427CE5C1A001A33AB /* AppDelegate.swift */; };
		9CDD486727CE5C1A001A33AB /* SceneDelegate.swift in Sources */ = {isa = PBXBuildFile; fileRef = 9CDD486627CE5C1A001A33AB /* SceneDelegate.swift */; };
		9CDD486927CE5C1A001A33AB /* PhotosListViewController.swift in Sources */ = {isa = PBXBuildFile; fileRef = 9CDD486827CE5C1A001A33AB /* PhotosListViewController.swift */; };
		9CDD486E27CE5C1C001A33AB /* Assets.xcassets in Resources */ = {isa = PBXBuildFile; fileRef = 9CDD486D27CE5C1C001A33AB /* Assets.xcassets */; };
		9CDD487127CE5C1C001A33AB /* LaunchScreen.storyboard in Resources */ = {isa = PBXBuildFile; fileRef = 9CDD486F27CE5C1C001A33AB /* LaunchScreen.storyboard */; };
		9CDD487C27CE5C1C001A33AB /* PhotoServiceTests.swift in Sources */ = {isa = PBXBuildFile; fileRef = 9CDD487B27CE5C1C001A33AB /* PhotoServiceTests.swift */; };
		9CDD488627CE5C1C001A33AB /* TechTestUITests.swift in Sources */ = {isa = PBXBuildFile; fileRef = 9CDD488527CE5C1C001A33AB /* TechTestUITests.swift */; };
		9CDD488827CE5C1C001A33AB /* TechTestUITestsLaunchTests.swift in Sources */ = {isa = PBXBuildFile; fileRef = 9CDD488727CE5C1C001A33AB /* TechTestUITestsLaunchTests.swift */; };
		9CDD489527CE5CBA001A33AB /* String+Localized.swift in Sources */ = {isa = PBXBuildFile; fileRef = 9CDD489427CE5CBA001A33AB /* String+Localized.swift */; };
		9CDD489E27CE6099001A33AB /* Photo.swift in Sources */ = {isa = PBXBuildFile; fileRef = 9CDD489D27CE6099001A33AB /* Photo.swift */; };
		9CDD48A027CE60C3001A33AB /* Photos.swift in Sources */ = {isa = PBXBuildFile; fileRef = 9CDD489F27CE60C3001A33AB /* Photos.swift */; };
		9CDD48A227CE60F9001A33AB /* PhotosService.swift in Sources */ = {isa = PBXBuildFile; fileRef = 9CDD48A127CE60F9001A33AB /* PhotosService.swift */; };
/* End PBXBuildFile section */

/* Begin PBXContainerItemProxy section */
		9CDD487827CE5C1C001A33AB /* PBXContainerItemProxy */ = {
			isa = PBXContainerItemProxy;
			containerPortal = 9CDD485927CE5C1A001A33AB /* Project object */;
			proxyType = 1;
			remoteGlobalIDString = 9CDD486027CE5C1A001A33AB;
			remoteInfo = TechTest;
		};
		9CDD488227CE5C1C001A33AB /* PBXContainerItemProxy */ = {
			isa = PBXContainerItemProxy;
			containerPortal = 9CDD485927CE5C1A001A33AB /* Project object */;
			proxyType = 1;
			remoteGlobalIDString = 9CDD486027CE5C1A001A33AB;
			remoteInfo = TechTest;
		};
/* End PBXContainerItemProxy section */

/* Begin PBXFileReference section */
		9CDD486127CE5C1A001A33AB /* TechTest.app */ = {isa = PBXFileReference; explicitFileType = wrapper.application; includeInIndex = 0; path = TechTest.app; sourceTree = BUILT_PRODUCTS_DIR; };
		9CDD486427CE5C1A001A33AB /* AppDelegate.swift */ = {isa = PBXFileReference; lastKnownFileType = sourcecode.swift; path = AppDelegate.swift; sourceTree = "<group>"; };
		9CDD486627CE5C1A001A33AB /* SceneDelegate.swift */ = {isa = PBXFileReference; lastKnownFileType = sourcecode.swift; path = SceneDelegate.swift; sourceTree = "<group>"; };
		9CDD486827CE5C1A001A33AB /* PhotosListViewController.swift */ = {isa = PBXFileReference; lastKnownFileType = sourcecode.swift; path = PhotosListViewController.swift; sourceTree = "<group>"; };
		9CDD486D27CE5C1C001A33AB /* Assets.xcassets */ = {isa = PBXFileReference; lastKnownFileType = folder.assetcatalog; path = Assets.xcassets; sourceTree = "<group>"; };
		9CDD487027CE5C1C001A33AB /* Base */ = {isa = PBXFileReference; lastKnownFileType = file.storyboard; name = Base; path = Base.lproj/LaunchScreen.storyboard; sourceTree = "<group>"; };
		9CDD487227CE5C1C001A33AB /* Info.plist */ = {isa = PBXFileReference; lastKnownFileType = text.plist.xml; path = Info.plist; sourceTree = "<group>"; };
		9CDD487727CE5C1C001A33AB /* TechTestTests.xctest */ = {isa = PBXFileReference; explicitFileType = wrapper.cfbundle; includeInIndex = 0; path = TechTestTests.xctest; sourceTree = BUILT_PRODUCTS_DIR; };
		9CDD487B27CE5C1C001A33AB /* PhotoServiceTests.swift */ = {isa = PBXFileReference; lastKnownFileType = sourcecode.swift; path = PhotoServiceTests.swift; sourceTree = "<group>"; };
		9CDD488127CE5C1C001A33AB /* TechTestUITests.xctest */ = {isa = PBXFileReference; explicitFileType = wrapper.cfbundle; includeInIndex = 0; path = TechTestUITests.xctest; sourceTree = BUILT_PRODUCTS_DIR; };
		9CDD488527CE5C1C001A33AB /* TechTestUITests.swift */ = {isa = PBXFileReference; lastKnownFileType = sourcecode.swift; path = TechTestUITests.swift; sourceTree = "<group>"; };
		9CDD488727CE5C1C001A33AB /* TechTestUITestsLaunchTests.swift */ = {isa = PBXFileReference; lastKnownFileType = sourcecode.swift; path = TechTestUITestsLaunchTests.swift; sourceTree = "<group>"; };
		9CDD489427CE5CBA001A33AB /* String+Localized.swift */ = {isa = PBXFileReference; lastKnownFileType = sourcecode.swift; path = "String+Localized.swift"; sourceTree = "<group>"; };
		9CDD489D27CE6099001A33AB /* Photo.swift */ = {isa = PBXFileReference; lastKnownFileType = sourcecode.swift; path = Photo.swift; sourceTree = "<group>"; };
		9CDD489F27CE60C3001A33AB /* Photos.swift */ = {isa = PBXFileReference; lastKnownFileType = sourcecode.swift; path = Photos.swift; sourceTree = "<group>"; };
		9CDD48A127CE60F9001A33AB /* PhotosService.swift */ = {isa = PBXFileReference; lastKnownFileType = sourcecode.swift; path = PhotosService.swift; sourceTree = "<group>"; };
/* End PBXFileReference section */

/* Begin PBXFrameworksBuildPhase section */
		9CDD485E27CE5C1A001A33AB /* Frameworks */ = {
			isa = PBXFrameworksBuildPhase;
			buildActionMask = 2147483647;
			files = (
			);
			runOnlyForDeploymentPostprocessing = 0;
		};
		9CDD487427CE5C1C001A33AB /* Frameworks */ = {
			isa = PBXFrameworksBuildPhase;
			buildActionMask = 2147483647;
			files = (
			);
			runOnlyForDeploymentPostprocessing = 0;
		};
		9CDD487E27CE5C1C001A33AB /* Frameworks */ = {
			isa = PBXFrameworksBuildPhase;
			buildActionMask = 2147483647;
			files = (
			);
			runOnlyForDeploymentPostprocessing = 0;
		};
/* End PBXFrameworksBuildPhase section */

/* Begin PBXGroup section */
		9CDD485827CE5C1A001A33AB = {
			isa = PBXGroup;
			children = (
				9CDD486327CE5C1A001A33AB /* TechTest */,
				9CDD487A27CE5C1C001A33AB /* TechTestTests */,
				9CDD488427CE5C1C001A33AB /* TechTestUITests */,
				9CDD486227CE5C1A001A33AB /* Products */,
			);
			sourceTree = "<group>";
		};
		9CDD486227CE5C1A001A33AB /* Products */ = {
			isa = PBXGroup;
			children = (
				9CDD486127CE5C1A001A33AB /* TechTest.app */,
				9CDD487727CE5C1C001A33AB /* TechTestTests.xctest */,
				9CDD488127CE5C1C001A33AB /* TechTestUITests.xctest */,
			);
			name = Products;
			sourceTree = "<group>";
		};
		9CDD486327CE5C1A001A33AB /* TechTest */ = {
			isa = PBXGroup;
			children = (
				9CDD489827CE5FEA001A33AB /* Resources */,
				9CDD489727CE5FDA001A33AB /* Supporting Files */,
				9CDD489627CE5FCB001A33AB /* Sources */,
			);
			path = TechTest;
			sourceTree = "<group>";
		};
		9CDD487A27CE5C1C001A33AB /* TechTestTests */ = {
			isa = PBXGroup;
			children = (
				9CDD487B27CE5C1C001A33AB /* PhotoServiceTests.swift */,
			);
			path = TechTestTests;
			sourceTree = "<group>";
		};
		9CDD488427CE5C1C001A33AB /* TechTestUITests */ = {
			isa = PBXGroup;
			children = (
				9CDD488527CE5C1C001A33AB /* TechTestUITests.swift */,
				9CDD488727CE5C1C001A33AB /* TechTestUITestsLaunchTests.swift */,
			);
			path = TechTestUITests;
			sourceTree = "<group>";
		};
		9CDD489627CE5FCB001A33AB /* Sources */ = {
			isa = PBXGroup;
			children = (
				9CDD489C27CE6090001A33AB /* Models */,
				9CDD486427CE5C1A001A33AB /* AppDelegate.swift */,
				9CDD486627CE5C1A001A33AB /* SceneDelegate.swift */,
				9CDD489B27CE6010001A33AB /* Extensions */,
				9CDD489927CE5FF5001A33AB /* Screens */,
			);
			path = Sources;
			sourceTree = "<group>";
		};
		9CDD489727CE5FDA001A33AB /* Supporting Files */ = {
			isa = PBXGroup;
			children = (
				9CDD486F27CE5C1C001A33AB /* LaunchScreen.storyboard */,
				9CDD487227CE5C1C001A33AB /* Info.plist */,
			);
			path = "Supporting Files";
			sourceTree = "<group>";
		};
		9CDD489827CE5FEA001A33AB /* Resources */ = {
			isa = PBXGroup;
			children = (
				9CDD486D27CE5C1C001A33AB /* Assets.xcassets */,
				9CDD489F27CE60C3001A33AB /* Photos.swift */,
			);
			path = Resources;
			sourceTree = "<group>";
		};
		9CDD489927CE5FF5001A33AB /* Screens */ = {
			isa = PBXGroup;
			children = (
				9CDD489A27CE5FFD001A33AB /* PhotosList */,
			);
			path = Screens;
			sourceTree = "<group>";
		};
		9CDD489A27CE5FFD001A33AB /* PhotosList */ = {
			isa = PBXGroup;
			children = (
				9CDD486827CE5C1A001A33AB /* PhotosListViewController.swift */,
			);
			path = PhotosList;
			sourceTree = "<group>";
		};
		9CDD489B27CE6010001A33AB /* Extensions */ = {
			isa = PBXGroup;
			children = (
				9CDD489427CE5CBA001A33AB /* String+Localized.swift */,
			);
			path = Extensions;
			sourceTree = "<group>";
		};
		9CDD489C27CE6090001A33AB /* Models */ = {
			isa = PBXGroup;
			children = (
				9CDD489D27CE6099001A33AB /* Photo.swift */,
				9CDD48A127CE60F9001A33AB /* PhotosService.swift */,
			);
			path = Models;
			sourceTree = "<group>";
		};
/* End PBXGroup section */

/* Begin PBXNativeTarget section */
		9CDD486027CE5C1A001A33AB /* TechTest */ = {
			isa = PBXNativeTarget;
			buildConfigurationList = 9CDD488B27CE5C1C001A33AB /* Build configuration list for PBXNativeTarget "TechTest" */;
			buildPhases = (
				9CDD485D27CE5C1A001A33AB /* Sources */,
				9CDD485E27CE5C1A001A33AB /* Frameworks */,
				9CDD485F27CE5C1A001A33AB /* Resources */,
			);
			buildRules = (
			);
			dependencies = (
			);
			name = TechTest;
			productName = TechTest;
			productReference = 9CDD486127CE5C1A001A33AB /* TechTest.app */;
			productType = "com.apple.product-type.application";
		};
		9CDD487627CE5C1C001A33AB /* TechTestTests */ = {
			isa = PBXNativeTarget;
			buildConfigurationList = 9CDD488E27CE5C1C001A33AB /* Build configuration list for PBXNativeTarget "TechTestTests" */;
			buildPhases = (
				9CDD487327CE5C1C001A33AB /* Sources */,
				9CDD487427CE5C1C001A33AB /* Frameworks */,
				9CDD487527CE5C1C001A33AB /* Resources */,
			);
			buildRules = (
			);
			dependencies = (
				9CDD487927CE5C1C001A33AB /* PBXTargetDependency */,
			);
			name = TechTestTests;
			productName = TechTestTests;
			productReference = 9CDD487727CE5C1C001A33AB /* TechTestTests.xctest */;
			productType = "com.apple.product-type.bundle.unit-test";
		};
		9CDD488027CE5C1C001A33AB /* TechTestUITests */ = {
			isa = PBXNativeTarget;
			buildConfigurationList = 9CDD489127CE5C1C001A33AB /* Build configuration list for PBXNativeTarget "TechTestUITests" */;
			buildPhases = (
				9CDD487D27CE5C1C001A33AB /* Sources */,
				9CDD487E27CE5C1C001A33AB /* Frameworks */,
				9CDD487F27CE5C1C001A33AB /* Resources */,
			);
			buildRules = (
			);
			dependencies = (
				9CDD488327CE5C1C001A33AB /* PBXTargetDependency */,
			);
			name = TechTestUITests;
			productName = TechTestUITests;
			productReference = 9CDD488127CE5C1C001A33AB /* TechTestUITests.xctest */;
			productType = "com.apple.product-type.bundle.ui-testing";
		};
/* End PBXNativeTarget section */

/* Begin PBXProject section */
		9CDD485927CE5C1A001A33AB /* Project object */ = {
			isa = PBXProject;
			attributes = {
				BuildIndependentTargetsInParallel = 1;
				LastSwiftUpdateCheck = 1320;
				LastUpgradeCheck = 1320;
				TargetAttributes = {
					9CDD486027CE5C1A001A33AB = {
						CreatedOnToolsVersion = 13.2.1;
					};
					9CDD487627CE5C1C001A33AB = {
						CreatedOnToolsVersion = 13.2.1;
						TestTargetID = 9CDD486027CE5C1A001A33AB;
					};
					9CDD488027CE5C1C001A33AB = {
						CreatedOnToolsVersion = 13.2.1;
						TestTargetID = 9CDD486027CE5C1A001A33AB;
					};
				};
			};
			buildConfigurationList = 9CDD485C27CE5C1A001A33AB /* Build configuration list for PBXProject "TechTest" */;
			compatibilityVersion = "Xcode 13.0";
			developmentRegion = en;
			hasScannedForEncodings = 0;
			knownRegions = (
				en,
				Base,
			);
			mainGroup = 9CDD485827CE5C1A001A33AB;
			productRefGroup = 9CDD486227CE5C1A001A33AB /* Products */;
			projectDirPath = "";
			projectRoot = "";
			targets = (
				9CDD486027CE5C1A001A33AB /* TechTest */,
				9CDD487627CE5C1C001A33AB /* TechTestTests */,
				9CDD488027CE5C1C001A33AB /* TechTestUITests */,
			);
		};
/* End PBXProject section */

/* Begin PBXResourcesBuildPhase section */
		9CDD485F27CE5C1A001A33AB /* Resources */ = {
			isa = PBXResourcesBuildPhase;
			buildActionMask = 2147483647;
			files = (
				9CDD487127CE5C1C001A33AB /* LaunchScreen.storyboard in Resources */,
				9CDD486E27CE5C1C001A33AB /* Assets.xcassets in Resources */,
			);
			runOnlyForDeploymentPostprocessing = 0;
		};
		9CDD487527CE5C1C001A33AB /* Resources */ = {
			isa = PBXResourcesBuildPhase;
			buildActionMask = 2147483647;
			files = (
			);
			runOnlyForDeploymentPostprocessing = 0;
		};
		9CDD487F27CE5C1C001A33AB /* Resources */ = {
			isa = PBXResourcesBuildPhase;
			buildActionMask = 2147483647;
			files = (
			);
			runOnlyForDeploymentPostprocessing = 0;
		};
/* End PBXResourcesBuildPhase section */

/* Begin PBXSourcesBuildPhase section */
		9CDD485D27CE5C1A001A33AB /* Sources */ = {
			isa = PBXSourcesBuildPhase;
			buildActionMask = 2147483647;
			files = (
				9CDD48A027CE60C3001A33AB /* Photos.swift in Sources */,
				9CDD486927CE5C1A001A33AB /* PhotosListViewController.swift in Sources */,
				9CDD486527CE5C1A001A33AB /* AppDelegate.swift in Sources */,
				9CDD489527CE5CBA001A33AB /* String+Localized.swift in Sources */,
				9CDD48A227CE60F9001A33AB /* PhotosService.swift in Sources */,
				9CDD486727CE5C1A001A33AB /* SceneDelegate.swift in Sources */,
				9CDD489E27CE6099001A33AB /* Photo.swift in Sources */,
			);
			runOnlyForDeploymentPostprocessing = 0;
		};
		9CDD487327CE5C1C001A33AB /* Sources */ = {
			isa = PBXSourcesBuildPhase;
			buildActionMask = 2147483647;
			files = (
				9CDD487C27CE5C1C001A33AB /* PhotoServiceTests.swift in Sources */,
			);
			runOnlyForDeploymentPostprocessing = 0;
		};
		9CDD487D27CE5C1C001A33AB /* Sources */ = {
			isa = PBXSourcesBuildPhase;
			buildActionMask = 2147483647;
			files = (
				9CDD488827CE5C1C001A33AB /* TechTestUITestsLaunchTests.swift in Sources */,
				9CDD488627CE5C1C001A33AB /* TechTestUITests.swift in Sources */,
			);
			runOnlyForDeploymentPostprocessing = 0;
		};
/* End PBXSourcesBuildPhase section */

/* Begin PBXTargetDependency section */
		9CDD487927CE5C1C001A33AB /* PBXTargetDependency */ = {
			isa = PBXTargetDependency;
			target = 9CDD486027CE5C1A001A33AB /* TechTest */;
			targetProxy = 9CDD487827CE5C1C001A33AB /* PBXContainerItemProxy */;
		};
		9CDD488327CE5C1C001A33AB /* PBXTargetDependency */ = {
			isa = PBXTargetDependency;
			target = 9CDD486027CE5C1A001A33AB /* TechTest */;
			targetProxy = 9CDD488227CE5C1C001A33AB /* PBXContainerItemProxy */;
		};
/* End PBXTargetDependency section */

/* Begin PBXVariantGroup section */
		9CDD486F27CE5C1C001A33AB /* LaunchScreen.storyboard */ = {
			isa = PBXVariantGroup;
			children = (
				9CDD487027CE5C1C001A33AB /* Base */,
			);
			name = LaunchScreen.storyboard;
			sourceTree = "<group>";
		};
/* End PBXVariantGroup section */

/* Begin XCBuildConfiguration section */
		9CDD488927CE5C1C001A33AB /* Debug */ = {
			isa = XCBuildConfiguration;
			buildSettings = {
				ALWAYS_SEARCH_USER_PATHS = NO;
				CLANG_ANALYZER_NONNULL = YES;
				CLANG_ANALYZER_NUMBER_OBJECT_CONVERSION = YES_AGGRESSIVE;
				CLANG_CXX_LANGUAGE_STANDARD = "gnu++17";
				CLANG_CXX_LIBRARY = "libc++";
				CLANG_ENABLE_MODULES = YES;
				CLANG_ENABLE_OBJC_ARC = YES;
				CLANG_ENABLE_OBJC_WEAK = YES;
				CLANG_WARN_BLOCK_CAPTURE_AUTORELEASING = YES;
				CLANG_WARN_BOOL_CONVERSION = YES;
				CLANG_WARN_COMMA = YES;
				CLANG_WARN_CONSTANT_CONVERSION = YES;
				CLANG_WARN_DEPRECATED_OBJC_IMPLEMENTATIONS = YES;
				CLANG_WARN_DIRECT_OBJC_ISA_USAGE = YES_ERROR;
				CLANG_WARN_DOCUMENTATION_COMMENTS = YES;
				CLANG_WARN_EMPTY_BODY = YES;
				CLANG_WARN_ENUM_CONVERSION = YES;
				CLANG_WARN_INFINITE_RECURSION = YES;
				CLANG_WARN_INT_CONVERSION = YES;
				CLANG_WARN_NON_LITERAL_NULL_CONVERSION = YES;
				CLANG_WARN_OBJC_IMPLICIT_RETAIN_SELF = YES;
				CLANG_WARN_OBJC_LITERAL_CONVERSION = YES;
				CLANG_WARN_OBJC_ROOT_CLASS = YES_ERROR;
				CLANG_WARN_QUOTED_INCLUDE_IN_FRAMEWORK_HEADER = YES;
				CLANG_WARN_RANGE_LOOP_ANALYSIS = YES;
				CLANG_WARN_STRICT_PROTOTYPES = YES;
				CLANG_WARN_SUSPICIOUS_MOVE = YES;
				CLANG_WARN_UNGUARDED_AVAILABILITY = YES_AGGRESSIVE;
				CLANG_WARN_UNREACHABLE_CODE = YES;
				CLANG_WARN__DUPLICATE_METHOD_MATCH = YES;
				COPY_PHASE_STRIP = NO;
				DEBUG_INFORMATION_FORMAT = dwarf;
				ENABLE_STRICT_OBJC_MSGSEND = YES;
				ENABLE_TESTABILITY = YES;
				GCC_C_LANGUAGE_STANDARD = gnu11;
				GCC_DYNAMIC_NO_PIC = NO;
				GCC_NO_COMMON_BLOCKS = YES;
				GCC_OPTIMIZATION_LEVEL = 0;
				GCC_PREPROCESSOR_DEFINITIONS = (
					"DEBUG=1",
					"$(inherited)",
				);
				GCC_WARN_64_TO_32_BIT_CONVERSION = YES;
				GCC_WARN_ABOUT_RETURN_TYPE = YES_ERROR;
				GCC_WARN_UNDECLARED_SELECTOR = YES;
				GCC_WARN_UNINITIALIZED_AUTOS = YES_AGGRESSIVE;
				GCC_WARN_UNUSED_FUNCTION = YES;
				GCC_WARN_UNUSED_VARIABLE = YES;
				IPHONEOS_DEPLOYMENT_TARGET = 15.2;
				MTL_ENABLE_DEBUG_INFO = INCLUDE_SOURCE;
				MTL_FAST_MATH = YES;
				ONLY_ACTIVE_ARCH = YES;
				SDKROOT = iphoneos;
				SWIFT_ACTIVE_COMPILATION_CONDITIONS = DEBUG;
				SWIFT_OPTIMIZATION_LEVEL = "-Onone";
			};
			name = Debug;
		};
		9CDD488A27CE5C1C001A33AB /* Release */ = {
			isa = XCBuildConfiguration;
			buildSettings = {
				ALWAYS_SEARCH_USER_PATHS = NO;
				CLANG_ANALYZER_NONNULL = YES;
				CLANG_ANALYZER_NUMBER_OBJECT_CONVERSION = YES_AGGRESSIVE;
				CLANG_CXX_LANGUAGE_STANDARD = "gnu++17";
				CLANG_CXX_LIBRARY = "libc++";
				CLANG_ENABLE_MODULES = YES;
				CLANG_ENABLE_OBJC_ARC = YES;
				CLANG_ENABLE_OBJC_WEAK = YES;
				CLANG_WARN_BLOCK_CAPTURE_AUTORELEASING = YES;
				CLANG_WARN_BOOL_CONVERSION = YES;
				CLANG_WARN_COMMA = YES;
				CLANG_WARN_CONSTANT_CONVERSION = YES;
				CLANG_WARN_DEPRECATED_OBJC_IMPLEMENTATIONS = YES;
				CLANG_WARN_DIRECT_OBJC_ISA_USAGE = YES_ERROR;
				CLANG_WARN_DOCUMENTATION_COMMENTS = YES;
				CLANG_WARN_EMPTY_BODY = YES;
				CLANG_WARN_ENUM_CONVERSION = YES;
				CLANG_WARN_INFINITE_RECURSION = YES;
				CLANG_WARN_INT_CONVERSION = YES;
				CLANG_WARN_NON_LITERAL_NULL_CONVERSION = YES;
				CLANG_WARN_OBJC_IMPLICIT_RETAIN_SELF = YES;
				CLANG_WARN_OBJC_LITERAL_CONVERSION = YES;
				CLANG_WARN_OBJC_ROOT_CLASS = YES_ERROR;
				CLANG_WARN_QUOTED_INCLUDE_IN_FRAMEWORK_HEADER = YES;
				CLANG_WARN_RANGE_LOOP_ANALYSIS = YES;
				CLANG_WARN_STRICT_PROTOTYPES = YES;
				CLANG_WARN_SUSPICIOUS_MOVE = YES;
				CLANG_WARN_UNGUARDED_AVAILABILITY = YES_AGGRESSIVE;
				CLANG_WARN_UNREACHABLE_CODE = YES;
				CLANG_WARN__DUPLICATE_METHOD_MATCH = YES;
				COPY_PHASE_STRIP = NO;
				DEBUG_INFORMATION_FORMAT = "dwarf-with-dsym";
				ENABLE_NS_ASSERTIONS = NO;
				ENABLE_STRICT_OBJC_MSGSEND = YES;
				GCC_C_LANGUAGE_STANDARD = gnu11;
				GCC_NO_COMMON_BLOCKS = YES;
				GCC_WARN_64_TO_32_BIT_CONVERSION = YES;
				GCC_WARN_ABOUT_RETURN_TYPE = YES_ERROR;
				GCC_WARN_UNDECLARED_SELECTOR = YES;
				GCC_WARN_UNINITIALIZED_AUTOS = YES_AGGRESSIVE;
				GCC_WARN_UNUSED_FUNCTION = YES;
				GCC_WARN_UNUSED_VARIABLE = YES;
				IPHONEOS_DEPLOYMENT_TARGET = 15.2;
				MTL_ENABLE_DEBUG_INFO = NO;
				MTL_FAST_MATH = YES;
				SDKROOT = iphoneos;
				SWIFT_COMPILATION_MODE = wholemodule;
				SWIFT_OPTIMIZATION_LEVEL = "-O";
				VALIDATE_PRODUCT = YES;
			};
			name = Release;
		};
		9CDD488C27CE5C1C001A33AB /* Debug */ = {
			isa = XCBuildConfiguration;
			buildSettings = {
				ASSETCATALOG_COMPILER_APPICON_NAME = AppIcon;
				ASSETCATALOG_COMPILER_GLOBAL_ACCENT_COLOR_NAME = AccentColor;
				CODE_SIGN_STYLE = Automatic;
				CURRENT_PROJECT_VERSION = 1;
				GENERATE_INFOPLIST_FILE = YES;
				INFOPLIST_FILE = "TechTest/Supporting Files/Info.plist";
				INFOPLIST_KEY_UIApplicationSupportsIndirectInputEvents = YES;
				INFOPLIST_KEY_UILaunchStoryboardName = LaunchScreen;
				INFOPLIST_KEY_UISupportedInterfaceOrientations_iPad = "UIInterfaceOrientationPortrait UIInterfaceOrientationPortraitUpsideDown UIInterfaceOrientationLandscapeLeft UIInterfaceOrientationLandscapeRight";
				INFOPLIST_KEY_UISupportedInterfaceOrientations_iPhone = "UIInterfaceOrientationPortrait UIInterfaceOrientationLandscapeLeft UIInterfaceOrientationLandscapeRight";
				LD_RUNPATH_SEARCH_PATHS = (
					"$(inherited)",
					"@executable_path/Frameworks",
				);
				MARKETING_VERSION = 1.0;
				PRODUCT_BUNDLE_IDENTIFIER = com.circlemedical.TechTest;
				PRODUCT_NAME = "$(TARGET_NAME)";
				SWIFT_EMIT_LOC_STRINGS = YES;
				SWIFT_VERSION = 5.0;
				TARGETED_DEVICE_FAMILY = "1,2";
			};
			name = Debug;
		};
		9CDD488D27CE5C1C001A33AB /* Release */ = {
			isa = XCBuildConfiguration;
			buildSettings = {
				ASSETCATALOG_COMPILER_APPICON_NAME = AppIcon;
				ASSETCATALOG_COMPILER_GLOBAL_ACCENT_COLOR_NAME = AccentColor;
				CODE_SIGN_STYLE = Automatic;
				CURRENT_PROJECT_VERSION = 1;
				GENERATE_INFOPLIST_FILE = YES;
				INFOPLIST_FILE = "TechTest/Supporting Files/Info.plist";
				INFOPLIST_KEY_UIApplicationSupportsIndirectInputEvents = YES;
				INFOPLIST_KEY_UILaunchStoryboardName = LaunchScreen;
				INFOPLIST_KEY_UISupportedInterfaceOrientations_iPad = "UIInterfaceOrientationPortrait UIInterfaceOrientationPortraitUpsideDown UIInterfaceOrientationLandscapeLeft UIInterfaceOrientationLandscapeRight";
				INFOPLIST_KEY_UISupportedInterfaceOrientations_iPhone = "UIInterfaceOrientationPortrait UIInterfaceOrientationLandscapeLeft UIInterfaceOrientationLandscapeRight";
				LD_RUNPATH_SEARCH_PATHS = (
					"$(inherited)",
					"@executable_path/Frameworks",
				);
				MARKETING_VERSION = 1.0;
				PRODUCT_BUNDLE_IDENTIFIER = com.circlemedical.TechTest;
				PRODUCT_NAME = "$(TARGET_NAME)";
				SWIFT_EMIT_LOC_STRINGS = YES;
				SWIFT_VERSION = 5.0;
				TARGETED_DEVICE_FAMILY = "1,2";
			};
			name = Release;
		};
		9CDD488F27CE5C1C001A33AB /* Debug */ = {
			isa = XCBuildConfiguration;
			buildSettings = {
				ALWAYS_EMBED_SWIFT_STANDARD_LIBRARIES = YES;
				BUNDLE_LOADER = "$(TEST_HOST)";
				CODE_SIGN_STYLE = Automatic;
				CURRENT_PROJECT_VERSION = 1;
				GENERATE_INFOPLIST_FILE = YES;
				IPHONEOS_DEPLOYMENT_TARGET = 15.2;
				MARKETING_VERSION = 1.0;
				PRODUCT_BUNDLE_IDENTIFIER = com.circlemedical.TechTestTests;
				PRODUCT_NAME = "$(TARGET_NAME)";
				SWIFT_EMIT_LOC_STRINGS = NO;
				SWIFT_VERSION = 5.0;
				TARGETED_DEVICE_FAMILY = "1,2";
				TEST_HOST = "$(BUILT_PRODUCTS_DIR)/TechTest.app/TechTest";
			};
			name = Debug;
		};
		9CDD489027CE5C1C001A33AB /* Release */ = {
			isa = XCBuildConfiguration;
			buildSettings = {
				ALWAYS_EMBED_SWIFT_STANDARD_LIBRARIES = YES;
				BUNDLE_LOADER = "$(TEST_HOST)";
				CODE_SIGN_STYLE = Automatic;
				CURRENT_PROJECT_VERSION = 1;
				GENERATE_INFOPLIST_FILE = YES;
				IPHONEOS_DEPLOYMENT_TARGET = 15.2;
				MARKETING_VERSION = 1.0;
				PRODUCT_BUNDLE_IDENTIFIER = com.circlemedical.TechTestTests;
				PRODUCT_NAME = "$(TARGET_NAME)";
				SWIFT_EMIT_LOC_STRINGS = NO;
				SWIFT_VERSION = 5.0;
				TARGETED_DEVICE_FAMILY = "1,2";
				TEST_HOST = "$(BUILT_PRODUCTS_DIR)/TechTest.app/TechTest";
			};
			name = Release;
		};
		9CDD489227CE5C1C001A33AB /* Debug */ = {
			isa = XCBuildConfiguration;
			buildSettings = {
				ALWAYS_EMBED_SWIFT_STANDARD_LIBRARIES = YES;
				CODE_SIGN_STYLE = Automatic;
				CURRENT_PROJECT_VERSION = 1;
				GENERATE_INFOPLIST_FILE = YES;
				MARKETING_VERSION = 1.0;
				PRODUCT_BUNDLE_IDENTIFIER = com.circlemedical.TechTestUITests;
				PRODUCT_NAME = "$(TARGET_NAME)";
				SWIFT_EMIT_LOC_STRINGS = NO;
				SWIFT_VERSION = 5.0;
				TARGETED_DEVICE_FAMILY = "1,2";
				TEST_TARGET_NAME = TechTest;
			};
			name = Debug;
		};
		9CDD489327CE5C1C001A33AB /* Release */ = {
			isa = XCBuildConfiguration;
			buildSettings = {
				ALWAYS_EMBED_SWIFT_STANDARD_LIBRARIES = YES;
				CODE_SIGN_STYLE = Automatic;
				CURRENT_PROJECT_VERSION = 1;
				GENERATE_INFOPLIST_FILE = YES;
				MARKETING_VERSION = 1.0;
				PRODUCT_BUNDLE_IDENTIFIER = com.circlemedical.TechTestUITests;
				PRODUCT_NAME = "$(TARGET_NAME)";
				SWIFT_EMIT_LOC_STRINGS = NO;
				SWIFT_VERSION = 5.0;
				TARGETED_DEVICE_FAMILY = "1,2";
				TEST_TARGET_NAME = TechTest;
			};
			name = Release;
		};
/* End XCBuildConfiguration section */

/* Begin XCConfigurationList section */
		9CDD485C27CE5C1A001A33AB /* Build configuration list for PBXProject "TechTest" */ = {
			isa = XCConfigurationList;
			buildConfigurations = (
				9CDD488927CE5C1C001A33AB /* Debug */,
				9CDD488A27CE5C1C001A33AB /* Release */,
			);
			defaultConfigurationIsVisible = 0;
			defaultConfigurationName = Release;
		};
		9CDD488B27CE5C1C001A33AB /* Build configuration list for PBXNativeTarget "TechTest" */ = {
			isa = XCConfigurationList;
			buildConfigurations = (
				9CDD488C27CE5C1C001A33AB /* Debug */,
				9CDD488D27CE5C1C001A33AB /* Release */,
			);
			defaultConfigurationIsVisible = 0;
			defaultConfigurationName = Release;
		};
		9CDD488E27CE5C1C001A33AB /* Build configuration list for PBXNativeTarget "TechTestTests" */ = {
			isa = XCConfigurationList;
			buildConfigurations = (
				9CDD488F27CE5C1C001A33AB /* Debug */,
				9CDD489027CE5C1C001A33AB /* Release */,
			);
			defaultConfigurationIsVisible = 0;
			defaultConfigurationName = Release;
		};
		9CDD489127CE5C1C001A33AB /* Build configuration list for PBXNativeTarget "TechTestUITests" */ = {
			isa = XCConfigurationList;
			buildConfigurations = (
				9CDD489227CE5C1C001A33AB /* Debug */,
				9CDD489327CE5C1C001A33AB /* Release */,
			);
			defaultConfigurationIsVisible = 0;
			defaultConfigurationName = Release;
		};
/* End XCConfigurationList section */
	};
	rootObject = 9CDD485927CE5C1A001A33AB /* Project object */;
}
